
Microsoft Visual Studio Solution File, Format Version 12.00
# Visual Studio Version 16
VisualStudioVersion = 16.0.32106.194
MinimumVisualStudioVersion = 10.0.40219.1
Project("{FAE04EC0-301F-11D3-BF4B-00C04F79EFBC}") = "TechHouseBTL", "TechHouseBTL.csproj", "{DB8430D0-86C3-4974-82EB-3B4AFB9AAAC8}"
EndProject
Global
	GlobalSection(SolutionConfigurationPlatforms) = preSolution
		Debug|Any CPU = Debug|Any CPU
		Release|Any CPU = Release|Any CPU
	EndGlobalSection
	GlobalSection(ProjectConfigurationPlatforms) = postSolution
		{DB8430D0-86C3-4974-82EB-3B4AFB9AAAC8}.Debug|Any CPU.ActiveCfg = Debug|Any CPU
		{DB8430D0-86C3-4974-82EB-3B4AFB9AAAC8}.Debug|Any CPU.Build.0 = Debug|Any CPU
		{DB8430D0-86C3-4974-82EB-3B4AFB9AAAC8}.Release|Any CPU.ActiveCfg = Release|Any CPU
		{DB8430D0-86C3-4974-82EB-3B4AFB9AAAC8}.Release|Any CPU.Build.0 = Release|Any CPU
	EndGlobalSection
	GlobalSection(SolutionProperties) = preSolution
		HideSolutionNode = FALSE
	EndGlobalSection
	GlobalSection(ExtensibilityGlobals) = postSolution
		SolutionGuid = {0F8CEEC7-198D-4AD4-A27A-B61BBC5C2454}
	EndGlobalSection
EndGlobal
